github.com/3d0c/gmf v0.0.0-20190724130615-f4b5acb7db5c h1:0MMmgSFC0S35+N5rZlUIuQL56GhKz3ISBVnLkzxKmaI=
github.com/3d0c/gmf v0.0.0-20190724130615-f4b5acb7db5c/go.mod h1:0QMRcUq2JsDECeAq7bj4h79k7XbhtTsrPUQf6G7qfPs=
github.com/remko/go-mkvparse v0.0.0-20190519181556-e343daff3525 h1:0nJMtuXsNY0bDjN+RVnmLaTzfmYrwTn2j9ssizoA4Tw=
github.com/remko/go-mkvparse v0.0.0-20190519181556-e343daff3525/go.mod h1:0gW1dLpnSYYsFa6Ddu3eSpNm0WDp5lLiy9Rl4Ke9P8w=
